
Microsoft Visual Studio Solution File, Format Version 12.00
# Visual Studio 14
VisualStudioVersion = 14.0.25420.1
MinimumVisualStudioVersion = 10.0.40219.1
Project("{F184B08F-C81C-45F6-A57F-5ABD9991F28F}") = "Super REKMAN", "Super REKMAN\Super REKMAN.vbproj", "{71DAF555-6606-48EC-BC9F-383B2A8AD588}"
EndProject
Project("{54435603-DBB4-11D2-8724-00A0C9A8B90C}") = "Setup", "Setup\Setup.vdproj", "{073FA88A-8F6B-4B13-920C-60715706405F}"
EndProject
Project("{54435603-DBB4-11D2-8724-00A0C9A8B90C}") = "Setup1", "Setup1\Setup1.vdproj", "{F6A1452D-E4BF-4615-9386-16E110BBF18E}"
EndProject
Global
	GlobalSection(SolutionConfigurationPlatforms) = preSolution
		Debug|Any CPU = Debug|Any CPU
		Release|Any CPU = Release|Any CPU
	EndGlobalSection
	GlobalSection(ProjectConfigurationPlatforms) = postSolution
		{71DAF555-6606-48EC-BC9F-383B2A8AD588}.Debug|Any CPU.ActiveCfg = Debug|Any CPU
		{71DAF555-6606-48EC-BC9F-383B2A8AD588}.Debug|Any CPU.Build.0 = Debug|Any CPU
		{71DAF555-6606-48EC-BC9F-383B2A8AD588}.Release|Any CPU.ActiveCfg = Release|Any CPU
		{71DAF555-6606-48EC-BC9F-383B2A8AD588}.Release|Any CPU.Build.0 = Release|Any CPU
		{073FA88A-8F6B-4B13-920C-60715706405F}.Debug|Any CPU.ActiveCfg = Debug
		{073FA88A-8F6B-4B13-920C-60715706405F}.Release|Any CPU.ActiveCfg = Release
		{F6A1452D-E4BF-4615-9386-16E110BBF18E}.Debug|Any CPU.ActiveCfg = Debug
		{F6A1452D-E4BF-4615-9386-16E110BBF18E}.Release|Any CPU.ActiveCfg = Release
	EndGlobalSection
	GlobalSection(SolutionProperties) = preSolution
		HideSolutionNode = FALSE
	EndGlobalSection
EndGlobal
